
Microsoft Visual Studio Solution File, Format Version 12.00
# Visual Studio Version 16
VisualStudioVersion = 16.0.30717.126
MinimumVisualStudioVersion = 10.0.40219.1
Project("{FAE04EC0-301F-11D3-BF4B-00C04F79EFBC}") = "AdventOfCode", "AdventOfCode\AdventOfCode.csproj", "{BD225BF7-6BA4-4EAB-805E-9DAE968726AB}"
EndProject
Project("{FAE04EC0-301F-11D3-BF4B-00C04F79EFBC}") = "AdventOfCodeTests", "AdventOfCodeTests\AdventOfCodeTests.csproj", "{2259AC0B-6596-45A9-AA00-1B955147B516}"
EndProject
Global
	GlobalSection(SolutionConfigurationPlatforms) = preSolution
		Debug|Any CPU = Debug|Any CPU
		Debug|x64 = Debug|x64
		Release|Any CPU = Release|Any CPU
		Release|x64 = Release|x64
	EndGlobalSection
	GlobalSection(ProjectConfigurationPlatforms) = postSolution
		{BD225BF7-6BA4-4EAB-805E-9DAE968726AB}.Debug|Any CPU.ActiveCfg = Debug|Any CPU
		{BD225BF7-6BA4-4EAB-805E-9DAE968726AB}.Debug|Any CPU.Build.0 = Debug|Any CPU
		{BD225BF7-6BA4-4EAB-805E-9DAE968726AB}.Debug|x64.ActiveCfg = Debug|x64
		{BD225BF7-6BA4-4EAB-805E-9DAE968726AB}.Debug|x64.Build.0 = Debug|x64
		{BD225BF7-6BA4-4EAB-805E-9DAE968726AB}.Release|Any CPU.ActiveCfg = Release|Any CPU
		{BD225BF7-6BA4-4EAB-805E-9DAE968726AB}.Release|Any CPU.Build.0 = Release|Any CPU
		{BD225BF7-6BA4-4EAB-805E-9DAE968726AB}.Release|x64.ActiveCfg = Release|x64
		{BD225BF7-6BA4-4EAB-805E-9DAE968726AB}.Release|x64.Build.0 = Release|x64
		{2259AC0B-6596-45A9-AA00-1B955147B516}.Debug|Any CPU.ActiveCfg = Debug|Any CPU
		{2259AC0B-6596-45A9-AA00-1B955147B516}.Debug|Any CPU.Build.0 = Debug|Any CPU
		{2259AC0B-6596-45A9-AA00-1B955147B516}.Debug|x64.ActiveCfg = Debug|x64
		{2259AC0B-6596-45A9-AA00-1B955147B516}.Debug|x64.Build.0 = Debug|x64
		{2259AC0B-6596-45A9-AA00-1B955147B516}.Release|Any CPU.ActiveCfg = Release|Any CPU
		{2259AC0B-6596-45A9-AA00-1B955147B516}.Release|Any CPU.Build.0 = Release|Any CPU
		{2259AC0B-6596-45A9-AA00-1B955147B516}.Release|x64.ActiveCfg = Release|x64
		{2259AC0B-6596-45A9-AA00-1B955147B516}.Release|x64.Build.0 = Release|x64
	EndGlobalSection
	GlobalSection(SolutionProperties) = preSolution
		HideSolutionNode = FALSE
	EndGlobalSection
	GlobalSection(ExtensibilityGlobals) = postSolution
		SolutionGuid = {6A5788F6-AF55-4E45-8A98-33731EE4A49E}
	EndGlobalSection
EndGlobal
